
Microsoft Visual Studio Solution File, Format Version 12.00
# Visual Studio Version 17
VisualStudioVersion = 17.6.33801.468
MinimumVisualStudioVersion = 10.0.40219.1
Project("{FAE04EC0-301F-11D3-BF4B-00C04F79EFBC}") = "NewsPublisherSubscriberUsingEvent", "NewsPublisherSubscriberUsingEvent\NewsPublisherSubscriberUsingEvent.csproj", "{C8EE68B9-DF2B-42CD-B1CD-C86CAE5159C5}"
EndProject
Global
	GlobalSection(SolutionConfigurationPlatforms) = preSolution
		Debug|Any CPU = Debug|Any CPU
		Release|Any CPU = Release|Any CPU
	EndGlobalSection
	GlobalSection(ProjectConfigurationPlatforms) = postSolution
		{C8EE68B9-DF2B-42CD-B1CD-C86CAE5159C5}.Debug|Any CPU.ActiveCfg = Debug|Any CPU
		{C8EE68B9-DF2B-42CD-B1CD-C86CAE5159C5}.Debug|Any CPU.Build.0 = Debug|Any CPU
		{C8EE68B9-DF2B-42CD-B1CD-C86CAE5159C5}.Release|Any CPU.ActiveCfg = Release|Any CPU
		{C8EE68B9-DF2B-42CD-B1CD-C86CAE5159C5}.Release|Any CPU.Build.0 = Release|Any CPU
	EndGlobalSection
	GlobalSection(SolutionProperties) = preSolution
		HideSolutionNode = FALSE
	EndGlobalSection
	GlobalSection(ExtensibilityGlobals) = postSolution
		SolutionGuid = {600245BB-38D3-473B-8214-AB47224B83F2}
	EndGlobalSection
EndGlobal
